
Microsoft Visual Studio Solution File, Format Version 12.00
# Visual Studio Version 16
VisualStudioVersion = 16.0.29503.13
MinimumVisualStudioVersion = 10.0.40219.1
Project("{FAE04EC0-301F-11D3-BF4B-00C04F79EFBC}") = "MyVeterinaria.Common", "MyVeterinaria.Common\MyVeterinaria.Common.csproj", "{832FAECD-DE4D-4B70-954A-17DE93F5054B}"
EndProject
Project("{FAE04EC0-301F-11D3-BF4B-00C04F79EFBC}") = "MyVeterinaria.Web", "MyVeterinaria.Web\MyVeterinaria.Web.csproj", "{63DD8303-34AA-42E9-8DC5-CEE569F53991}"
EndProject
Global
	GlobalSection(SolutionConfigurationPlatforms) = preSolution
		Debug|Any CPU = Debug|Any CPU
		Release|Any CPU = Release|Any CPU
	EndGlobalSection
	GlobalSection(ProjectConfigurationPlatforms) = postSolution
		{832FAECD-DE4D-4B70-954A-17DE93F5054B}.Debug|Any CPU.ActiveCfg = Debug|Any CPU
		{832FAECD-DE4D-4B70-954A-17DE93F5054B}.Debug|Any CPU.Build.0 = Debug|Any CPU
		{832FAECD-DE4D-4B70-954A-17DE93F5054B}.Release|Any CPU.ActiveCfg = Release|Any CPU
		{832FAECD-DE4D-4B70-954A-17DE93F5054B}.Release|Any CPU.Build.0 = Release|Any CPU
		{63DD8303-34AA-42E9-8DC5-CEE569F53991}.Debug|Any CPU.ActiveCfg = Debug|Any CPU
		{63DD8303-34AA-42E9-8DC5-CEE569F53991}.Debug|Any CPU.Build.0 = Debug|Any CPU
		{63DD8303-34AA-42E9-8DC5-CEE569F53991}.Release|Any CPU.ActiveCfg = Release|Any CPU
		{63DD8303-34AA-42E9-8DC5-CEE569F53991}.Release|Any CPU.Build.0 = Release|Any CPU
	EndGlobalSection
	GlobalSection(SolutionProperties) = preSolution
		HideSolutionNode = FALSE
	EndGlobalSection
	GlobalSection(ExtensibilityGlobals) = postSolution
		SolutionGuid = {640FFEBA-6954-4B1B-95AA-DF13DE0B7FF0}
	EndGlobalSection
EndGlobal
