
Microsoft Visual Studio Solution File, Format Version 12.00
# Visual Studio Version 16
VisualStudioVersion = 16.0.29503.13
MinimumVisualStudioVersion = 10.0.40219.1
Project("{9A19103F-16F7-4668-BE54-9A1E7A4F7556}") = "MyVeterinaria.Common", "MyVeterinaria.Common\MyVeterinaria.Common.csproj", "{832FAECD-DE4D-4B70-954A-17DE93F5054B}"
EndProject
Project("{9A19103F-16F7-4668-BE54-9A1E7A4F7556}") = "MyVeterinaria.Web", "MyVeterinaria.Web\MyVeterinaria.Web.csproj", "{63DD8303-34AA-42E9-8DC5-CEE569F53991}"
EndProject
Project("{FAE04EC0-301F-11D3-BF4B-00C04F79EFBC}") = "MyVeterinaria.Prism", "MyVeterinaria.Prism\MyVeterinaria.Prism\MyVeterinaria.Prism.csproj", "{327C5FAE-5128-4338-A317-68C78DA19786}"
EndProject
Project("{FAE04EC0-301F-11D3-BF4B-00C04F79EFBC}") = "MyVeterinaria.Prism.Android", "MyVeterinaria.Prism\MyVeterinaria.Prism.Android\MyVeterinaria.Prism.Android.csproj", "{4C57716D-FEE1-45B9-B5DF-8C47C9B70796}"
EndProject
Project("{FAE04EC0-301F-11D3-BF4B-00C04F79EFBC}") = "MyVeterinaria.Prism.iOS", "MyVeterinaria.Prism\MyVeterinaria.Prism.iOS\MyVeterinaria.Prism.iOS.csproj", "{A4614FB8-9D24-4008-9EF7-7660B24A6400}"
EndProject
Global
	GlobalSection(SolutionConfigurationPlatforms) = preSolution
		Ad-Hoc|Any CPU = Ad-Hoc|Any CPU
		Ad-Hoc|iPhone = Ad-Hoc|iPhone
		Ad-Hoc|iPhoneSimulator = Ad-Hoc|iPhoneSimulator
		AppStore|Any CPU = AppStore|Any CPU
		AppStore|iPhone = AppStore|iPhone
		AppStore|iPhoneSimulator = AppStore|iPhoneSimulator
		Debug|Any CPU = Debug|Any CPU
		Debug|iPhone = Debug|iPhone
		Debug|iPhoneSimulator = Debug|iPhoneSimulator
		Release|Any CPU = Release|Any CPU
		Release|iPhone = Release|iPhone
		Release|iPhoneSimulator = Release|iPhoneSimulator
	EndGlobalSection
	GlobalSection(ProjectConfigurationPlatforms) = postSolution
		{832FAECD-DE4D-4B70-954A-17DE93F5054B}.Ad-Hoc|Any CPU.ActiveCfg = Release|Any CPU
		{832FAECD-DE4D-4B70-954A-17DE93F5054B}.Ad-Hoc|Any CPU.Build.0 = Release|Any CPU
		{832FAECD-DE4D-4B70-954A-17DE93F5054B}.Ad-Hoc|iPhone.ActiveCfg = Release|Any CPU
		{832FAECD-DE4D-4B70-954A-17DE93F5054B}.Ad-Hoc|iPhone.Build.0 = Release|Any CPU
		{832FAECD-DE4D-4B70-954A-17DE93F5054B}.Ad-Hoc|iPhoneSimulator.ActiveCfg = Release|Any CPU
		{832FAECD-DE4D-4B70-954A-17DE93F5054B}.Ad-Hoc|iPhoneSimulator.Build.0 = Release|Any CPU
		{832FAECD-DE4D-4B70-954A-17DE93F5054B}.AppStore|Any CPU.ActiveCfg = Release|Any CPU
		{832FAECD-DE4D-4B70-954A-17DE93F5054B}.AppStore|Any CPU.Build.0 = Release|Any CPU
		{832FAECD-DE4D-4B70-954A-17DE93F5054B}.AppStore|iPhone.ActiveCfg = Release|Any CPU
		{832FAECD-DE4D-4B70-954A-17DE93F5054B}.AppStore|iPhone.Build.0 = Release|Any CPU
		{832FAECD-DE4D-4B70-954A-17DE93F5054B}.AppStore|iPhoneSimulator.ActiveCfg = Release|Any CPU
		{832FAECD-DE4D-4B70-954A-17DE93F5054B}.AppStore|iPhoneSimulator.Build.0 = Release|Any CPU
		{832FAECD-DE4D-4B70-954A-17DE93F5054B}.Debug|Any CPU.ActiveCfg = Debug|Any CPU
		{832FAECD-DE4D-4B70-954A-17DE93F5054B}.Debug|Any CPU.Build.0 = Debug|Any CPU
		{832FAECD-DE4D-4B70-954A-17DE93F5054B}.Debug|iPhone.ActiveCfg = Debug|Any CPU
		{832FAECD-DE4D-4B70-954A-17DE93F5054B}.Debug|iPhone.Build.0 = Debug|Any CPU
		{832FAECD-DE4D-4B70-954A-17DE93F5054B}.Debug|iPhoneSimulator.ActiveCfg = Debug|Any CPU
		{832FAECD-DE4D-4B70-954A-17DE93F5054B}.Debug|iPhoneSimulator.Build.0 = Debug|Any CPU
		{832FAECD-DE4D-4B70-954A-17DE93F5054B}.Release|Any CPU.ActiveCfg = Release|Any CPU
		{832FAECD-DE4D-4B70-954A-17DE93F5054B}.Release|Any CPU.Build.0 = Release|Any CPU
		{832FAECD-DE4D-4B70-954A-17DE93F5054B}.Release|iPhone.ActiveCfg = Release|Any CPU
		{832FAECD-DE4D-4B70-954A-17DE93F5054B}.Release|iPhone.Build.0 = Release|Any CPU
		{832FAECD-DE4D-4B70-954A-17DE93F5054B}.Release|iPhoneSimulator.ActiveCfg = Release|Any CPU
		{832FAECD-DE4D-4B70-954A-17DE93F5054B}.Release|iPhoneSimulator.Build.0 = Release|Any CPU
		{63DD8303-34AA-42E9-8DC5-CEE569F53991}.Ad-Hoc|Any CPU.ActiveCfg = Release|Any CPU
		{63DD8303-34AA-42E9-8DC5-CEE569F53991}.Ad-Hoc|Any CPU.Build.0 = Release|Any CPU
		{63DD8303-34AA-42E9-8DC5-CEE569F53991}.Ad-Hoc|iPhone.ActiveCfg = Release|Any CPU
		{63DD8303-34AA-42E9-8DC5-CEE569F53991}.Ad-Hoc|iPhone.Build.0 = Release|Any CPU
		{63DD8303-34AA-42E9-8DC5-CEE569F53991}.Ad-Hoc|iPhoneSimulator.ActiveCfg = Release|Any CPU
		{63DD8303-34AA-42E9-8DC5-CEE569F53991}.Ad-Hoc|iPhoneSimulator.Build.0 = Release|Any CPU
		{63DD8303-34AA-42E9-8DC5-CEE569F53991}.AppStore|Any CPU.ActiveCfg = Release|Any CPU
		{63DD8303-34AA-42E9-8DC5-CEE569F53991}.AppStore|Any CPU.Build.0 = Release|Any CPU
		{63DD8303-34AA-42E9-8DC5-CEE569F53991}.AppStore|iPhone.ActiveCfg = Release|Any CPU
		{63DD8303-34AA-42E9-8DC5-CEE569F53991}.AppStore|iPhone.Build.0 = Release|Any CPU
		{63DD8303-34AA-42E9-8DC5-CEE569F53991}.AppStore|iPhoneSimulator.ActiveCfg = Release|Any CPU
		{63DD8303-34AA-42E9-8DC5-CEE569F53991}.AppStore|iPhoneSimulator.Build.0 = Release|Any CPU
		{63DD8303-34AA-42E9-8DC5-CEE569F53991}.Debug|Any CPU.ActiveCfg = Debug|Any CPU
		{63DD8303-34AA-42E9-8DC5-CEE569F53991}.Debug|Any CPU.Build.0 = Debug|Any CPU
		{63DD8303-34AA-42E9-8DC5-CEE569F53991}.Debug|iPhone.ActiveCfg = Debug|Any CPU
		{63DD8303-34AA-42E9-8DC5-CEE569F53991}.Debug|iPhone.Build.0 = Debug|Any CPU
		{63DD8303-34AA-42E9-8DC5-CEE569F53991}.Debug|iPhoneSimulator.ActiveCfg = Debug|Any CPU
		{63DD8303-34AA-42E9-8DC5-CEE569F53991}.Debug|iPhoneSimulator.Build.0 = Debug|Any CPU
		{63DD8303-34AA-42E9-8DC5-CEE569F53991}.Release|Any CPU.ActiveCfg = Release|Any CPU
		{63DD8303-34AA-42E9-8DC5-CEE569F53991}.Release|Any CPU.Build.0 = Release|Any CPU
		{63DD8303-34AA-42E9-8DC5-CEE569F53991}.Release|iPhone.ActiveCfg = Release|Any CPU
		{63DD8303-34AA-42E9-8DC5-CEE569F53991}.Release|iPhone.Build.0 = Release|Any CPU
		{63DD8303-34AA-42E9-8DC5-CEE569F53991}.Release|iPhoneSimulator.ActiveCfg = Release|Any CPU
		{63DD8303-34AA-42E9-8DC5-CEE569F53991}.Release|iPhoneSimulator.Build.0 = Release|Any CPU
		{327C5FAE-5128-4338-A317-68C78DA19786}.Ad-Hoc|Any CPU.ActiveCfg = Debug|Any CPU
		{327C5FAE-5128-4338-A317-68C78DA19786}.Ad-Hoc|Any CPU.Build.0 = Debug|Any CPU
		{327C5FAE-5128-4338-A317-68C78DA19786}.Ad-Hoc|iPhone.ActiveCfg = Debug|Any CPU
		{327C5FAE-5128-4338-A317-68C78DA19786}.Ad-Hoc|iPhone.Build.0 = Debug|Any CPU
		{327C5FAE-5128-4338-A317-68C78DA19786}.Ad-Hoc|iPhoneSimulator.ActiveCfg = Debug|Any CPU
		{327C5FAE-5128-4338-A317-68C78DA19786}.Ad-Hoc|iPhoneSimulator.Build.0 = Debug|Any CPU
		{327C5FAE-5128-4338-A317-68C78DA19786}.AppStore|Any CPU.ActiveCfg = Debug|Any CPU
		{327C5FAE-5128-4338-A317-68C78DA19786}.AppStore|Any CPU.Build.0 = Debug|Any CPU
		{327C5FAE-5128-4338-A317-68C78DA19786}.AppStore|iPhone.ActiveCfg = Debug|Any CPU
		{327C5FAE-5128-4338-A317-68C78DA19786}.AppStore|iPhone.Build.0 = Debug|Any CPU
		{327C5FAE-5128-4338-A317-68C78DA19786}.AppStore|iPhoneSimulator.ActiveCfg = Debug|Any CPU
		{327C5FAE-5128-4338-A317-68C78DA19786}.AppStore|iPhoneSimulator.Build.0 = Debug|Any CPU
		{327C5FAE-5128-4338-A317-68C78DA19786}.Debug|Any CPU.ActiveCfg = Debug|Any CPU
		{327C5FAE-5128-4338-A317-68C78DA19786}.Debug|Any CPU.Build.0 = Debug|Any CPU
		{327C5FAE-5128-4338-A317-68C78DA19786}.Debug|iPhone.ActiveCfg = Debug|Any CPU
		{327C5FAE-5128-4338-A317-68C78DA19786}.Debug|iPhone.Build.0 = Debug|Any CPU
		{327C5FAE-5128-4338-A317-68C78DA19786}.Debug|iPhoneSimulator.ActiveCfg = Debug|Any CPU
		{327C5FAE-5128-4338-A317-68C78DA19786}.Debug|iPhoneSimulator.Build.0 = Debug|Any CPU
		{327C5FAE-5128-4338-A317-68C78DA19786}.Release|Any CPU.ActiveCfg = Release|Any CPU
		{327C5FAE-5128-4338-A317-68C78DA19786}.Release|Any CPU.Build.0 = Release|Any CPU
		{327C5FAE-5128-4338-A317-68C78DA19786}.Release|iPhone.ActiveCfg = Release|Any CPU
		{327C5FAE-5128-4338-A317-68C78DA19786}.Release|iPhone.Build.0 = Release|Any CPU
		{327C5FAE-5128-4338-A317-68C78DA19786}.Release|iPhoneSimulator.ActiveCfg = Release|Any CPU
		{327C5FAE-5128-4338-A317-68C78DA19786}.Release|iPhoneSimulator.Build.0 = Release|Any CPU
		{4C57716D-FEE1-45B9-B5DF-8C47C9B70796}.Ad-Hoc|Any CPU.ActiveCfg = Release|Any CPU
		{4C57716D-FEE1-45B9-B5DF-8C47C9B70796}.Ad-Hoc|Any CPU.Build.0 = Release|Any CPU
		{4C57716D-FEE1-45B9-B5DF-8C47C9B70796}.Ad-Hoc|Any CPU.Deploy.0 = Release|Any CPU
		{4C57716D-FEE1-45B9-B5DF-8C47C9B70796}.Ad-Hoc|iPhone.ActiveCfg = Release|Any CPU
		{4C57716D-FEE1-45B9-B5DF-8C47C9B70796}.Ad-Hoc|iPhone.Build.0 = Release|Any CPU
		{4C57716D-FEE1-45B9-B5DF-8C47C9B70796}.Ad-Hoc|iPhone.Deploy.0 = Release|Any CPU
		{4C57716D-FEE1-45B9-B5DF-8C47C9B70796}.Ad-Hoc|iPhoneSimulator.ActiveCfg = Release|Any CPU
		{4C57716D-FEE1-45B9-B5DF-8C47C9B70796}.Ad-Hoc|iPhoneSimulator.Build.0 = Release|Any CPU
		{4C57716D-FEE1-45B9-B5DF-8C47C9B70796}.Ad-Hoc|iPhoneSimulator.Deploy.0 = Release|Any CPU
		{4C57716D-FEE1-45B9-B5DF-8C47C9B70796}.AppStore|Any CPU.ActiveCfg = Release|Any CPU
		{4C57716D-FEE1-45B9-B5DF-8C47C9B70796}.AppStore|Any CPU.Build.0 = Release|Any CPU
		{4C57716D-FEE1-45B9-B5DF-8C47C9B70796}.AppStore|Any CPU.Deploy.0 = Release|Any CPU
		{4C57716D-FEE1-45B9-B5DF-8C47C9B70796}.AppStore|iPhone.ActiveCfg = Release|Any CPU
		{4C57716D-FEE1-45B9-B5DF-8C47C9B70796}.AppStore|iPhone.Build.0 = Release|Any CPU
		{4C57716D-FEE1-45B9-B5DF-8C47C9B70796}.AppStore|iPhone.Deploy.0 = Release|Any CPU
		{4C57716D-FEE1-45B9-B5DF-8C47C9B70796}.AppStore|iPhoneSimulator.ActiveCfg = Release|Any CPU
		{4C57716D-FEE1-45B9-B5DF-8C47C9B70796}.AppStore|iPhoneSimulator.Build.0 = Release|Any CPU
		{4C57716D-FEE1-45B9-B5DF-8C47C9B70796}.AppStore|iPhoneSimulator.Deploy.0 = Release|Any CPU
		{4C57716D-FEE1-45B9-B5DF-8C47C9B70796}.Debug|Any CPU.ActiveCfg = Debug|Any CPU
		{4C57716D-FEE1-45B9-B5DF-8C47C9B70796}.Debug|Any CPU.Build.0 = Debug|Any CPU
		{4C57716D-FEE1-45B9-B5DF-8C47C9B70796}.Debug|Any CPU.Deploy.0 = Debug|Any CPU
		{4C57716D-FEE1-45B9-B5DF-8C47C9B70796}.Debug|iPhone.ActiveCfg = Debug|Any CPU
		{4C57716D-FEE1-45B9-B5DF-8C47C9B70796}.Debug|iPhone.Build.0 = Debug|Any CPU
		{4C57716D-FEE1-45B9-B5DF-8C47C9B70796}.Debug|iPhone.Deploy.0 = Debug|Any CPU
		{4C57716D-FEE1-45B9-B5DF-8C47C9B70796}.Debug|iPhoneSimulator.ActiveCfg = Debug|Any CPU
		{4C57716D-FEE1-45B9-B5DF-8C47C9B70796}.Debug|iPhoneSimulator.Build.0 = Debug|Any CPU
		{4C57716D-FEE1-45B9-B5DF-8C47C9B70796}.Debug|iPhoneSimulator.Deploy.0 = Debug|Any CPU
		{4C57716D-FEE1-45B9-B5DF-8C47C9B70796}.Release|Any CPU.ActiveCfg = Release|Any CPU
		{4C57716D-FEE1-45B9-B5DF-8C47C9B70796}.Release|Any CPU.Build.0 = Release|Any CPU
		{4C57716D-FEE1-45B9-B5DF-8C47C9B70796}.Release|Any CPU.Deploy.0 = Release|Any CPU
		{4C57716D-FEE1-45B9-B5DF-8C47C9B70796}.Release|iPhone.ActiveCfg = Release|Any CPU
		{4C57716D-FEE1-45B9-B5DF-8C47C9B70796}.Release|iPhone.Build.0 = Release|Any CPU
		{4C57716D-FEE1-45B9-B5DF-8C47C9B70796}.Release|iPhone.Deploy.0 = Release|Any CPU
		{4C57716D-FEE1-45B9-B5DF-8C47C9B70796}.Release|iPhoneSimulator.ActiveCfg = Release|Any CPU
		{4C57716D-FEE1-45B9-B5DF-8C47C9B70796}.Release|iPhoneSimulator.Build.0 = Release|Any CPU
		{4C57716D-FEE1-45B9-B5DF-8C47C9B70796}.Release|iPhoneSimulator.Deploy.0 = Release|Any CPU
		{A4614FB8-9D24-4008-9EF7-7660B24A6400}.Ad-Hoc|Any CPU.ActiveCfg = Ad-Hoc|iPhone
		{A4614FB8-9D24-4008-9EF7-7660B24A6400}.Ad-Hoc|iPhone.ActiveCfg = Ad-Hoc|iPhone
		{A4614FB8-9D24-4008-9EF7-7660B24A6400}.Ad-Hoc|iPhone.Build.0 = Ad-Hoc|iPhone
		{A4614FB8-9D24-4008-9EF7-7660B24A6400}.Ad-Hoc|iPhoneSimulator.ActiveCfg = Ad-Hoc|iPhoneSimulator
		{A4614FB8-9D24-4008-9EF7-7660B24A6400}.Ad-Hoc|iPhoneSimulator.Build.0 = Ad-Hoc|iPhoneSimulator
		{A4614FB8-9D24-4008-9EF7-7660B24A6400}.AppStore|Any CPU.ActiveCfg = AppStore|iPhone
		{A4614FB8-9D24-4008-9EF7-7660B24A6400}.AppStore|iPhone.ActiveCfg = AppStore|iPhone
		{A4614FB8-9D24-4008-9EF7-7660B24A6400}.AppStore|iPhone.Build.0 = AppStore|iPhone
		{A4614FB8-9D24-4008-9EF7-7660B24A6400}.AppStore|iPhoneSimulator.ActiveCfg = AppStore|iPhoneSimulator
		{A4614FB8-9D24-4008-9EF7-7660B24A6400}.AppStore|iPhoneSimulator.Build.0 = AppStore|iPhoneSimulator
		{A4614FB8-9D24-4008-9EF7-7660B24A6400}.Debug|Any CPU.ActiveCfg = Debug|iPhone
		{A4614FB8-9D24-4008-9EF7-7660B24A6400}.Debug|iPhone.ActiveCfg = Debug|iPhone
		{A4614FB8-9D24-4008-9EF7-7660B24A6400}.Debug|iPhone.Build.0 = Debug|iPhone
		{A4614FB8-9D24-4008-9EF7-7660B24A6400}.Debug|iPhoneSimulator.ActiveCfg = Debug|iPhoneSimulator
		{A4614FB8-9D24-4008-9EF7-7660B24A6400}.Debug|iPhoneSimulator.Build.0 = Debug|iPhoneSimulator
		{A4614FB8-9D24-4008-9EF7-7660B24A6400}.Release|Any CPU.ActiveCfg = Release|iPhone
		{A4614FB8-9D24-4008-9EF7-7660B24A6400}.Release|iPhone.ActiveCfg = Release|iPhone
		{A4614FB8-9D24-4008-9EF7-7660B24A6400}.Release|iPhone.Build.0 = Release|iPhone
		{A4614FB8-9D24-4008-9EF7-7660B24A6400}.Release|iPhoneSimulator.ActiveCfg = Release|iPhoneSimulator
		{A4614FB8-9D24-4008-9EF7-7660B24A6400}.Release|iPhoneSimulator.Build.0 = Release|iPhoneSimulator
	EndGlobalSection
	GlobalSection(SolutionProperties) = preSolution
		HideSolutionNode = FALSE
	EndGlobalSection
	GlobalSection(ExtensibilityGlobals) = postSolution
		SolutionGuid = {640FFEBA-6954-4B1B-95AA-DF13DE0B7FF0}
	EndGlobalSection
EndGlobal
